
Microsoft Visual Studio Solution File, Format Version 12.00
# Visual Studio Version 17
VisualStudioVersion = 17.0.31903.59
MinimumVisualStudioVersion = 10.0.40219.1
Project("{2150E333-8FDC-42A3-9474-1A3956D46DE8}") = "desktop", "desktop", "{7A1224A0-F22D-34FF-DE0A-A058FAFFD90C}"
EndProject
Project("{FAE04EC0-301F-11D3-BF4B-00C04F79EFBC}") = "ExamGuard.Protocol", "desktop\ExamGuard.Protocol\ExamGuard.Protocol.csproj", "{D28EA37F-213B-4DAF-84E6-BE58C0A40533}"
EndProject
Project("{FAE04EC0-301F-11D3-BF4B-00C04F79EFBC}") = "TeacherForm", "desktop\TeacherForm\TeacherForm.csproj", "{2A202343-7426-471A-8DFE-1D20C60E30AA}"
EndProject
Project("{FAE04EC0-301F-11D3-BF4B-00C04F79EFBC}") = "StudentForm", "desktop\StudentForm\StudentForm.csproj", "{4E2BAF96-205C-48D1-9F97-F7B435D92E4C}"
EndProject
Project("{FAE04EC0-301F-11D3-BF4B-00C04F79EFBC}") = "StudentSimulator", "desktop\StudentSimulator\StudentSimulator.csproj", "{E62C7B7C-8B85-4FB0-B83B-E50ADA84E67E}"
EndProject
Project("{FAE04EC0-301F-11D3-BF4B-00C04F79EFBC}") = "ExamGuard.Protocol.SmokeTests", "desktop\ExamGuard.Protocol.SmokeTests\ExamGuard.Protocol.SmokeTests.csproj", "{46469CEF-0F56-4830-928D-DBC0EEA8B7FB}"
EndProject
Project("{2150E333-8FDC-42A3-9474-1A3956D46DE8}") = "services", "services", "{5854FF58-B8C5-05C6-5BF2-ACE42193F22B}"
EndProject
Project("{FAE04EC0-301F-11D3-BF4B-00C04F79EFBC}") = "ExamGuard.Relay", "services\ExamGuard.Relay\ExamGuard.Relay.csproj", "{EF29649A-E741-4FD0-A4A0-10715F705CF4}"
EndProject
Global
	GlobalSection(SolutionConfigurationPlatforms) = preSolution
		Debug|Any CPU = Debug|Any CPU
		Debug|x64 = Debug|x64
		Debug|x86 = Debug|x86
		Release|Any CPU = Release|Any CPU
		Release|x64 = Release|x64
		Release|x86 = Release|x86
	EndGlobalSection
	GlobalSection(ProjectConfigurationPlatforms) = postSolution
		{D28EA37F-213B-4DAF-84E6-BE58C0A40533}.Debug|Any CPU.ActiveCfg = Debug|Any CPU
		{D28EA37F-213B-4DAF-84E6-BE58C0A40533}.Debug|Any CPU.Build.0 = Debug|Any CPU
		{D28EA37F-213B-4DAF-84E6-BE58C0A40533}.Debug|x64.ActiveCfg = Debug|Any CPU
		{D28EA37F-213B-4DAF-84E6-BE58C0A40533}.Debug|x64.Build.0 = Debug|Any CPU
		{D28EA37F-213B-4DAF-84E6-BE58C0A40533}.Debug|x86.ActiveCfg = Debug|Any CPU
		{D28EA37F-213B-4DAF-84E6-BE58C0A40533}.Debug|x86.Build.0 = Debug|Any CPU
		{D28EA37F-213B-4DAF-84E6-BE58C0A40533}.Release|Any CPU.ActiveCfg = Release|Any CPU
		{D28EA37F-213B-4DAF-84E6-BE58C0A40533}.Release|Any CPU.Build.0 = Release|Any CPU
		{D28EA37F-213B-4DAF-84E6-BE58C0A40533}.Release|x64.ActiveCfg = Release|Any CPU
		{D28EA37F-213B-4DAF-84E6-BE58C0A40533}.Release|x64.Build.0 = Release|Any CPU
		{D28EA37F-213B-4DAF-84E6-BE58C0A40533}.Release|x86.ActiveCfg = Release|Any CPU
		{D28EA37F-213B-4DAF-84E6-BE58C0A40533}.Release|x86.Build.0 = Release|Any CPU
		{2A202343-7426-471A-8DFE-1D20C60E30AA}.Debug|Any CPU.ActiveCfg = Debug|Any CPU
		{2A202343-7426-471A-8DFE-1D20C60E30AA}.Debug|Any CPU.Build.0 = Debug|Any CPU
		{2A202343-7426-471A-8DFE-1D20C60E30AA}.Debug|x64.ActiveCfg = Debug|Any CPU
		{2A202343-7426-471A-8DFE-1D20C60E30AA}.Debug|x64.Build.0 = Debug|Any CPU
		{2A202343-7426-471A-8DFE-1D20C60E30AA}.Debug|x86.ActiveCfg = Debug|Any CPU
		{2A202343-7426-471A-8DFE-1D20C60E30AA}.Debug|x86.Build.0 = Debug|Any CPU
		{2A202343-7426-471A-8DFE-1D20C60E30AA}.Release|Any CPU.ActiveCfg = Release|Any CPU
		{2A202343-7426-471A-8DFE-1D20C60E30AA}.Release|Any CPU.Build.0 = Release|Any CPU
		{2A202343-7426-471A-8DFE-1D20C60E30AA}.Release|x64.ActiveCfg = Release|Any CPU
		{2A202343-7426-471A-8DFE-1D20C60E30AA}.Release|x64.Build.0 = Release|Any CPU
		{2A202343-7426-471A-8DFE-1D20C60E30AA}.Release|x86.ActiveCfg = Release|Any CPU
		{2A202343-7426-471A-8DFE-1D20C60E30AA}.Release|x86.Build.0 = Release|Any CPU
		{4E2BAF96-205C-48D1-9F97-F7B435D92E4C}.Debug|Any CPU.ActiveCfg = Debug|Any CPU
		{4E2BAF96-205C-48D1-9F97-F7B435D92E4C}.Debug|Any CPU.Build.0 = Debug|Any CPU
		{4E2BAF96-205C-48D1-9F97-F7B435D92E4C}.Debug|x64.ActiveCfg = Debug|Any CPU
		{4E2BAF96-205C-48D1-9F97-F7B435D92E4C}.Debug|x64.Build.0 = Debug|Any CPU
		{4E2BAF96-205C-48D1-9F97-F7B435D92E4C}.Debug|x86.ActiveCfg = Debug|Any CPU
		{4E2BAF96-205C-48D1-9F97-F7B435D92E4C}.Debug|x86.Build.0 = Debug|Any CPU
		{4E2BAF96-205C-48D1-9F97-F7B435D92E4C}.Release|Any CPU.ActiveCfg = Release|Any CPU
		{4E2BAF96-205C-48D1-9F97-F7B435D92E4C}.Release|Any CPU.Build.0 = Release|Any CPU
		{4E2BAF96-205C-48D1-9F97-F7B435D92E4C}.Release|x64.ActiveCfg = Release|Any CPU
		{4E2BAF96-205C-48D1-9F97-F7B435D92E4C}.Release|x64.Build.0 = Release|Any CPU
		{4E2BAF96-205C-48D1-9F97-F7B435D92E4C}.Release|x86.ActiveCfg = Release|Any CPU
		{4E2BAF96-205C-48D1-9F97-F7B435D92E4C}.Release|x86.Build.0 = Release|Any CPU
		{E62C7B7C-8B85-4FB0-B83B-E50ADA84E67E}.Debug|Any CPU.ActiveCfg = Debug|Any CPU
		{E62C7B7C-8B85-4FB0-B83B-E50ADA84E67E}.Debug|Any CPU.Build.0 = Debug|Any CPU
		{E62C7B7C-8B85-4FB0-B83B-E50ADA84E67E}.Debug|x64.ActiveCfg = Debug|Any CPU
		{E62C7B7C-8B85-4FB0-B83B-E50ADA84E67E}.Debug|x64.Build.0 = Debug|Any CPU
		{E62C7B7C-8B85-4FB0-B83B-E50ADA84E67E}.Debug|x86.ActiveCfg = Debug|Any CPU
		{E62C7B7C-8B85-4FB0-B83B-E50ADA84E67E}.Debug|x86.Build.0 = Debug|Any CPU
		{E62C7B7C-8B85-4FB0-B83B-E50ADA84E67E}.Release|Any CPU.ActiveCfg = Release|Any CPU
		{E62C7B7C-8B85-4FB0-B83B-E50ADA84E67E}.Release|Any CPU.Build.0 = Release|Any CPU
		{E62C7B7C-8B85-4FB0-B83B-E50ADA84E67E}.Release|x64.ActiveCfg = Release|Any CPU
		{E62C7B7C-8B85-4FB0-B83B-E50ADA84E67E}.Release|x64.Build.0 = Release|Any CPU
		{E62C7B7C-8B85-4FB0-B83B-E50ADA84E67E}.Release|x86.ActiveCfg = Release|Any CPU
		{E62C7B7C-8B85-4FB0-B83B-E50ADA84E67E}.Release|x86.Build.0 = Release|Any CPU
		{46469CEF-0F56-4830-928D-DBC0EEA8B7FB}.Debug|Any CPU.ActiveCfg = Debug|Any CPU
		{46469CEF-0F56-4830-928D-DBC0EEA8B7FB}.Debug|Any CPU.Build.0 = Debug|Any CPU
		{46469CEF-0F56-4830-928D-DBC0EEA8B7FB}.Debug|x64.ActiveCfg = Debug|Any CPU
		{46469CEF-0F56-4830-928D-DBC0EEA8B7FB}.Debug|x64.Build.0 = Debug|Any CPU
		{46469CEF-0F56-4830-928D-DBC0EEA8B7FB}.Debug|x86.ActiveCfg = Debug|Any CPU
		{46469CEF-0F56-4830-928D-DBC0EEA8B7FB}.Debug|x86.Build.0 = Debug|Any CPU
		{46469CEF-0F56-4830-928D-DBC0EEA8B7FB}.Release|Any CPU.ActiveCfg = Release|Any CPU
		{46469CEF-0F56-4830-928D-DBC0EEA8B7FB}.Release|Any CPU.Build.0 = Release|Any CPU
		{46469CEF-0F56-4830-928D-DBC0EEA8B7FB}.Release|x64.ActiveCfg = Release|Any CPU
		{46469CEF-0F56-4830-928D-DBC0EEA8B7FB}.Release|x64.Build.0 = Release|Any CPU
		{46469CEF-0F56-4830-928D-DBC0EEA8B7FB}.Release|x86.ActiveCfg = Release|Any CPU
		{46469CEF-0F56-4830-928D-DBC0EEA8B7FB}.Release|x86.Build.0 = Release|Any CPU
		{EF29649A-E741-4FD0-A4A0-10715F705CF4}.Debug|Any CPU.ActiveCfg = Debug|Any CPU
		{EF29649A-E741-4FD0-A4A0-10715F705CF4}.Debug|Any CPU.Build.0 = Debug|Any CPU
		{EF29649A-E741-4FD0-A4A0-10715F705CF4}.Debug|x64.ActiveCfg = Debug|Any CPU
		{EF29649A-E741-4FD0-A4A0-10715F705CF4}.Debug|x64.Build.0 = Debug|Any CPU
		{EF29649A-E741-4FD0-A4A0-10715F705CF4}.Debug|x86.ActiveCfg = Debug|Any CPU
		{EF29649A-E741-4FD0-A4A0-10715F705CF4}.Debug|x86.Build.0 = Debug|Any CPU
		{EF29649A-E741-4FD0-A4A0-10715F705CF4}.Release|Any CPU.ActiveCfg = Release|Any CPU
		{EF29649A-E741-4FD0-A4A0-10715F705CF4}.Release|Any CPU.Build.0 = Release|Any CPU
		{EF29649A-E741-4FD0-A4A0-10715F705CF4}.Release|x64.ActiveCfg = Release|Any CPU
		{EF29649A-E741-4FD0-A4A0-10715F705CF4}.Release|x64.Build.0 = Release|Any CPU
		{EF29649A-E741-4FD0-A4A0-10715F705CF4}.Release|x86.ActiveCfg = Release|Any CPU
		{EF29649A-E741-4FD0-A4A0-10715F705CF4}.Release|x86.Build.0 = Release|Any CPU
	EndGlobalSection
	GlobalSection(SolutionProperties) = preSolution
		HideSolutionNode = FALSE
	EndGlobalSection
	GlobalSection(NestedProjects) = preSolution
		{D28EA37F-213B-4DAF-84E6-BE58C0A40533} = {7A1224A0-F22D-34FF-DE0A-A058FAFFD90C}
		{2A202343-7426-471A-8DFE-1D20C60E30AA} = {7A1224A0-F22D-34FF-DE0A-A058FAFFD90C}
		{4E2BAF96-205C-48D1-9F97-F7B435D92E4C} = {7A1224A0-F22D-34FF-DE0A-A058FAFFD90C}
		{E62C7B7C-8B85-4FB0-B83B-E50ADA84E67E} = {7A1224A0-F22D-34FF-DE0A-A058FAFFD90C}
		{46469CEF-0F56-4830-928D-DBC0EEA8B7FB} = {7A1224A0-F22D-34FF-DE0A-A058FAFFD90C}
		{EF29649A-E741-4FD0-A4A0-10715F705CF4} = {5854FF58-B8C5-05C6-5BF2-ACE42193F22B}
	EndGlobalSection
EndGlobal
